
Microsoft Visual Studio Solution File, Format Version 12.00
# Visual Studio Version 16
VisualStudioVersion = 16.0.30128.74
MinimumVisualStudioVersion = 10.0.40219.1
Project("{FAE04EC0-301F-11D3-BF4B-00C04F79EFBC}") = "MovieScrapper", "MovieScrapper\MovieScrapper.csproj", "{2C18A759-B81C-42FB-9986-BB9B14AA65CE}"
EndProject
Global
	GlobalSection(SolutionConfigurationPlatforms) = preSolution
		Debug|Any CPU = Debug|Any CPU
		Release|Any CPU = Release|Any CPU
	EndGlobalSection
	GlobalSection(ProjectConfigurationPlatforms) = postSolution
		{2C18A759-B81C-42FB-9986-BB9B14AA65CE}.Debug|Any CPU.ActiveCfg = Debug|Any CPU
		{2C18A759-B81C-42FB-9986-BB9B14AA65CE}.Debug|Any CPU.Build.0 = Debug|Any CPU
		{2C18A759-B81C-42FB-9986-BB9B14AA65CE}.Release|Any CPU.ActiveCfg = Release|Any CPU
		{2C18A759-B81C-42FB-9986-BB9B14AA65CE}.Release|Any CPU.Build.0 = Release|Any CPU
	EndGlobalSection
	GlobalSection(SolutionProperties) = preSolution
		HideSolutionNode = FALSE
	EndGlobalSection
	GlobalSection(ExtensibilityGlobals) = postSolution
		SolutionGuid = {6BEC2652-FB10-4C30-9666-F88346BED0D3}
	EndGlobalSection
EndGlobal
